
Microsoft Visual Studio Solution File, Format Version 12.00
# Visual Studio Version 16
VisualStudioVersion = 16.0.30204.135
MinimumVisualStudioVersion = 10.0.40219.1
Project("{FAE04EC0-301F-11D3-BF4B-00C04F79EFBC}") = "ConsoleApp1", "ConsoleApp1.csproj", "{0D84E061-0D59-46A0-AA4C-6057520DC13A}"
EndProject
Global
	GlobalSection(SolutionConfigurationPlatforms) = preSolution
		Debug|Any CPU = Debug|Any CPU
		Release|Any CPU = Release|Any CPU
	EndGlobalSection
	GlobalSection(ProjectConfigurationPlatforms) = postSolution
		{0D84E061-0D59-46A0-AA4C-6057520DC13A}.Debug|Any CPU.ActiveCfg = Debug|Any CPU
		{0D84E061-0D59-46A0-AA4C-6057520DC13A}.Debug|Any CPU.Build.0 = Debug|Any CPU
		{0D84E061-0D59-46A0-AA4C-6057520DC13A}.Release|Any CPU.ActiveCfg = Release|Any CPU
		{0D84E061-0D59-46A0-AA4C-6057520DC13A}.Release|Any CPU.Build.0 = Release|Any CPU
	EndGlobalSection
	GlobalSection(SolutionProperties) = preSolution
		HideSolutionNode = FALSE
	EndGlobalSection
	GlobalSection(ExtensibilityGlobals) = postSolution
		SolutionGuid = {409C597D-37B1-4749-AF53-E6AB028E0043}
	EndGlobalSection
EndGlobal
